{
  "name": "stop-russia-desinformation",
  "version": "1.0.0",
  "lockfileVersion": 2,
  "requires": true,
  "packages": {
    "": {
      "name": "stop-russia-desinformation",
      "version": "1.0.0",
      "license": "ISC",
      "bin": {
        "stop-russia-desinformation": "ddos.js"
      }
    }
  }
}
